Microsoft Visual Studio Solution File, Format Version 12.00
# Visual Studio Version 17
VisualStudioVersion = 17.5.2.0
MinimumVisualStudioVersion = 10.0.40219.1
Project("{2150E333-8FDC-42A3-9474-1A3956D46DE8}") = "DotnetLab", "DotnetLab", "{6305AC8E-6EDC-E9E2-12C6-01891B8C49C7}"
EndProject
Project("{2150E333-8FDC-42A3-9474-1A3956D46DE8}") = "Access", "Access", "{64A0DAE0-844A-A85E-182F-4E048C2C54BF}"
EndProject
Project("{FAE04EC0-301F-11D3-BF4B-00C04F79EFBC}") = "DotnetLab.Access.Common", "DotnetLab\Access\DotnetLab.Access.Common\DotnetLab.Access.Common.csproj", "{30070D81-D53F-2E6F-4040-3B558D31D2CB}"
EndProject
Project("{FAE04EC0-301F-11D3-BF4B-00C04F79EFBC}") = "DotnetLab.Access.Todo.Data", "DotnetLab\Access\DotnetLab.Access.Todo.Data\DotnetLab.Access.Todo.Data.csproj", "{8D5EC6E8-1A1A-2EB9-0082-8919FE14D9F9}"
EndProject
Project("{2150E333-8FDC-42A3-9474-1A3956D46DE8}") = "Common", "Common", "{E3C91EFC-1F27-8206-C636-58B2B037840B}"
EndProject
Project("{FAE04EC0-301F-11D3-BF4B-00C04F79EFBC}") = "DotnetLab.Common", "DotnetLab\Common\DotnetLab.Common\DotnetLab.Common.csproj", "{7F677D65-2E48-70C6-DB2F-3B8282129EF9}"
EndProject
Project("{2150E333-8FDC-42A3-9474-1A3956D46DE8}") = "Host", "Host", "{657CE63C-6E42-A2D0-3A23-E2389F6B657E}"
EndProject
Project("{FAE04EC0-301F-11D3-BF4B-00C04F79EFBC}") = "DotnetLab.Host.Api", "DotnetLab\Host\DotnetLab.Host.Api\DotnetLab.Host.Api.csproj", "{FFD5981E-A634-96B0-D5E3-887919212D6B}"
EndProject
Project("{FAE04EC0-301F-11D3-BF4B-00C04F79EFBC}") = "DotnetLab.Host.Common", "DotnetLab\Host\DotnetLab.Host.Common\DotnetLab.Host.Common.csproj", "{76A9EEA3-ABA6-2525-3C5D-0A21460870A3}"
EndProject
Project("{FAE04EC0-301F-11D3-BF4B-00C04F79EFBC}") = "DotnetLab.Host.Orchestrator", "DotnetLab\Host\DotnetLab.Host.Orchestrator\DotnetLab.Host.Orchestrator.csproj", "{BC91F480-14AF-5260-E986-9D513DF903A0}"
EndProject
Project("{FAE04EC0-301F-11D3-BF4B-00C04F79EFBC}") = "DotnetLab.Host.Proxy", "DotnetLab\Host\DotnetLab.Host.Proxy\DotnetLab.Host.Proxy.csproj", "{59117674-3964-16B3-93D5-1BD260C9DA2E}"
EndProject
Project("{2150E333-8FDC-42A3-9474-1A3956D46DE8}") = "Manager", "Manager", "{45BF51BB-B41F-BFDC-D191-DAE3512C5547}"
EndProject
Project("{FAE04EC0-301F-11D3-BF4B-00C04F79EFBC}") = "DotnetLab.Manager.Customer", "DotnetLab\Manager\DotnetLab.Manager.Customer\DotnetLab.Manager.Customer.csproj", "{7AB0C7E3-1B8A-C8EA-B783-93ACC6891CB2}"
EndProject
Project("{2150E333-8FDC-42A3-9474-1A3956D46DE8}") = "Test", "Test", "{4091E9D8-BC5C-3A7F-B7B5-715BB6CD99C4}"
EndProject
Project("{FAE04EC0-301F-11D3-BF4B-00C04F79EFBC}") = "Dotnetlab.Integration.Test", "DotnetLab\Test\Dotnetlab.Integration.Test\Dotnetlab.Integration.Test.csproj", "{B7337FF2-A3A4-BD60-6DBB-2A3F544BACDF}"
EndProject
Project("{FAE04EC0-301F-11D3-BF4B-00C04F79EFBC}") = "Dotnetlab.Manager.Customer.Test", "DotnetLab\Test\Dotnetlab.Manager.Customer.Test\Dotnetlab.Manager.Customer.Test.csproj", "{85E940D9-EBBB-FF4C-6975-84BA8DA012D0}"
EndProject
Global
	GlobalSection(SolutionConfigurationPlatforms) = preSolution
		Debug|Any CPU = Debug|Any CPU
		Release|Any CPU = Release|Any CPU
	EndGlobalSection
	GlobalSection(ProjectConfigurationPlatforms) = postSolution
		{30070D81-D53F-2E6F-4040-3B558D31D2CB}.Debug|Any CPU.ActiveCfg = Debug|Any CPU
		{30070D81-D53F-2E6F-4040-3B558D31D2CB}.Debug|Any CPU.Build.0 = Debug|Any CPU
		{30070D81-D53F-2E6F-4040-3B558D31D2CB}.Release|Any CPU.ActiveCfg = Release|Any CPU
		{30070D81-D53F-2E6F-4040-3B558D31D2CB}.Release|Any CPU.Build.0 = Release|Any CPU
		{8D5EC6E8-1A1A-2EB9-0082-8919FE14D9F9}.Debug|Any CPU.ActiveCfg = Debug|Any CPU
		{8D5EC6E8-1A1A-2EB9-0082-8919FE14D9F9}.Debug|Any CPU.Build.0 = Debug|Any CPU
		{8D5EC6E8-1A1A-2EB9-0082-8919FE14D9F9}.Release|Any CPU.ActiveCfg = Release|Any CPU
		{8D5EC6E8-1A1A-2EB9-0082-8919FE14D9F9}.Release|Any CPU.Build.0 = Release|Any CPU
		{7F677D65-2E48-70C6-DB2F-3B8282129EF9}.Debug|Any CPU.ActiveCfg = Debug|Any CPU
		{7F677D65-2E48-70C6-DB2F-3B8282129EF9}.Debug|Any CPU.Build.0 = Debug|Any CPU
		{7F677D65-2E48-70C6-DB2F-3B8282129EF9}.Release|Any CPU.ActiveCfg = Release|Any CPU
		{7F677D65-2E48-70C6-DB2F-3B8282129EF9}.Release|Any CPU.Build.0 = Release|Any CPU
		{FFD5981E-A634-96B0-D5E3-887919212D6B}.Debug|Any CPU.ActiveCfg = Debug|Any CPU
		{FFD5981E-A634-96B0-D5E3-887919212D6B}.Debug|Any CPU.Build.0 = Debug|Any CPU
		{FFD5981E-A634-96B0-D5E3-887919212D6B}.Release|Any CPU.ActiveCfg = Release|Any CPU
		{FFD5981E-A634-96B0-D5E3-887919212D6B}.Release|Any CPU.Build.0 = Release|Any CPU
		{76A9EEA3-ABA6-2525-3C5D-0A21460870A3}.Debug|Any CPU.ActiveCfg = Debug|Any CPU
		{76A9EEA3-ABA6-2525-3C5D-0A21460870A3}.Debug|Any CPU.Build.0 = Debug|Any CPU
		{76A9EEA3-ABA6-2525-3C5D-0A21460870A3}.Release|Any CPU.ActiveCfg = Release|Any CPU
		{76A9EEA3-ABA6-2525-3C5D-0A21460870A3}.Release|Any CPU.Build.0 = Release|Any CPU
		{BC91F480-14AF-5260-E986-9D513DF903A0}.Debug|Any CPU.ActiveCfg = Debug|Any CPU
		{BC91F480-14AF-5260-E986-9D513DF903A0}.Debug|Any CPU.Build.0 = Debug|Any CPU
		{BC91F480-14AF-5260-E986-9D513DF903A0}.Release|Any CPU.ActiveCfg = Release|Any CPU
		{BC91F480-14AF-5260-E986-9D513DF903A0}.Release|Any CPU.Build.0 = Release|Any CPU
		{59117674-3964-16B3-93D5-1BD260C9DA2E}.Debug|Any CPU.ActiveCfg = Debug|Any CPU
		{59117674-3964-16B3-93D5-1BD260C9DA2E}.Debug|Any CPU.Build.0 = Debug|Any CPU
		{59117674-3964-16B3-93D5-1BD260C9DA2E}.Release|Any CPU.ActiveCfg = Release|Any CPU
		{59117674-3964-16B3-93D5-1BD260C9DA2E}.Release|Any CPU.Build.0 = Release|Any CPU
		{7AB0C7E3-1B8A-C8EA-B783-93ACC6891CB2}.Debug|Any CPU.ActiveCfg = Debug|Any CPU
		{7AB0C7E3-1B8A-C8EA-B783-93ACC6891CB2}.Debug|Any CPU.Build.0 = Debug|Any CPU
		{7AB0C7E3-1B8A-C8EA-B783-93ACC6891CB2}.Release|Any CPU.ActiveCfg = Release|Any CPU
		{7AB0C7E3-1B8A-C8EA-B783-93ACC6891CB2}.Release|Any CPU.Build.0 = Release|Any CPU
		{B7337FF2-A3A4-BD60-6DBB-2A3F544BACDF}.Debug|Any CPU.ActiveCfg = Debug|Any CPU
		{B7337FF2-A3A4-BD60-6DBB-2A3F544BACDF}.Debug|Any CPU.Build.0 = Debug|Any CPU
		{B7337FF2-A3A4-BD60-6DBB-2A3F544BACDF}.Release|Any CPU.ActiveCfg = Release|Any CPU
		{B7337FF2-A3A4-BD60-6DBB-2A3F544BACDF}.Release|Any CPU.Build.0 = Release|Any CPU
		{85E940D9-EBBB-FF4C-6975-84BA8DA012D0}.Debug|Any CPU.ActiveCfg = Debug|Any CPU
		{85E940D9-EBBB-FF4C-6975-84BA8DA012D0}.Debug|Any CPU.Build.0 = Debug|Any CPU
		{85E940D9-EBBB-FF4C-6975-84BA8DA012D0}.Release|Any CPU.ActiveCfg = Release|Any CPU
		{85E940D9-EBBB-FF4C-6975-84BA8DA012D0}.Release|Any CPU.Build.0 = Release|Any CPU
	EndGlobalSection
	GlobalSection(SolutionProperties) = preSolution
		HideSolutionNode = FALSE
	EndGlobalSection
	GlobalSection(NestedProjects) = preSolution
		{64A0DAE0-844A-A85E-182F-4E048C2C54BF} = {6305AC8E-6EDC-E9E2-12C6-01891B8C49C7}
		{30070D81-D53F-2E6F-4040-3B558D31D2CB} = {64A0DAE0-844A-A85E-182F-4E048C2C54BF}
		{8D5EC6E8-1A1A-2EB9-0082-8919FE14D9F9} = {64A0DAE0-844A-A85E-182F-4E048C2C54BF}
		{E3C91EFC-1F27-8206-C636-58B2B037840B} = {6305AC8E-6EDC-E9E2-12C6-01891B8C49C7}
		{7F677D65-2E48-70C6-DB2F-3B8282129EF9} = {E3C91EFC-1F27-8206-C636-58B2B037840B}
		{657CE63C-6E42-A2D0-3A23-E2389F6B657E} = {6305AC8E-6EDC-E9E2-12C6-01891B8C49C7}
		{FFD5981E-A634-96B0-D5E3-887919212D6B} = {657CE63C-6E42-A2D0-3A23-E2389F6B657E}
		{76A9EEA3-ABA6-2525-3C5D-0A21460870A3} = {657CE63C-6E42-A2D0-3A23-E2389F6B657E}
		{BC91F480-14AF-5260-E986-9D513DF903A0} = {657CE63C-6E42-A2D0-3A23-E2389F6B657E}
		{59117674-3964-16B3-93D5-1BD260C9DA2E} = {657CE63C-6E42-A2D0-3A23-E2389F6B657E}
		{45BF51BB-B41F-BFDC-D191-DAE3512C5547} = {6305AC8E-6EDC-E9E2-12C6-01891B8C49C7}
		{7AB0C7E3-1B8A-C8EA-B783-93ACC6891CB2} = {45BF51BB-B41F-BFDC-D191-DAE3512C5547}
		{4091E9D8-BC5C-3A7F-B7B5-715BB6CD99C4} = {6305AC8E-6EDC-E9E2-12C6-01891B8C49C7}
		{B7337FF2-A3A4-BD60-6DBB-2A3F544BACDF} = {4091E9D8-BC5C-3A7F-B7B5-715BB6CD99C4}
		{85E940D9-EBBB-FF4C-6975-84BA8DA012D0} = {4091E9D8-BC5C-3A7F-B7B5-715BB6CD99C4}
	EndGlobalSection
	GlobalSection(ExtensibilityGlobals) = postSolution
		SolutionGuid = {29832F7E-F96F-47DA-AEED-0B168BEA5EF3}
	EndGlobalSection
EndGlobal
